
Microsoft Visual Studio Solution File, Format Version 12.00
# Visual Studio Version 17
VisualStudioVersion = 17.8.34309.116
MinimumVisualStudioVersion = 10.0.40219.1
Project("{FAE04EC0-301F-11D3-BF4B-00C04F79EFBC}") = "Metaheuristic_system", "Metaheuristic_system\Metaheuristic_system.csproj", "{FDBFC3D3-EA69-498C-9210-A3C6F5598CE7}"
EndProject
Global
	GlobalSection(SolutionConfigurationPlatforms) = preSolution
		Debug|Any CPU = Debug|Any CPU
		Release|Any CPU = Release|Any CPU
	EndGlobalSection
	GlobalSection(ProjectConfigurationPlatforms) = postSolution
		{FDBFC3D3-EA69-498C-9210-A3C6F5598CE7}.Debug|Any CPU.ActiveCfg = Debug|Any CPU
		{FDBFC3D3-EA69-498C-9210-A3C6F5598CE7}.Debug|Any CPU.Build.0 = Debug|Any CPU
		{FDBFC3D3-EA69-498C-9210-A3C6F5598CE7}.Release|Any CPU.ActiveCfg = Release|Any CPU
		{FDBFC3D3-EA69-498C-9210-A3C6F5598CE7}.Release|Any CPU.Build.0 = Release|Any CPU
	EndGlobalSection
	GlobalSection(SolutionProperties) = preSolution
		HideSolutionNode = FALSE
	EndGlobalSection
	GlobalSection(ExtensibilityGlobals) = postSolution
		SolutionGuid = {CABB98F0-42AE-4A3D-A7D4-E810423B9A45}
	EndGlobalSection
EndGlobal
